
Microsoft Visual Studio Solution File, Format Version 12.00
# Visual Studio Version 17
VisualStudioVersion = 17.10.35013.160
MinimumVisualStudioVersion = 10.0.40219.1
Project("{9A19103F-16F7-4668-BE54-9A1E7A4F7556}") = "Tournament.Api", "Tournament.Api.csproj", "{9650ADD3-94A6-4056-BE2F-A1B8DFB78EF4}"
EndProject
Project("{9A19103F-16F7-4668-BE54-9A1E7A4F7556}") = "Tournament.Core", "..\Tournament.Core\Tournament.Core.csproj", "{006C9C54-DE52-4DED-B78A-AAC0BCF9149D}"
EndProject
Project("{9A19103F-16F7-4668-BE54-9A1E7A4F7556}") = "Tournament.Data", "..\Tournament.Data\Tournament.Data.csproj", "{9ED83C16-EFA2-49CD-B5EB-725C207E5DE9}"
EndProject
Project("{FAE04EC0-301F-11D3-BF4B-00C04F79EFBC}") = "Service.Contracts", "..\Service.Contracts\Service.Contracts.csproj", "{5F886C47-CC8A-40AC-B6EF-5889E9B40EAF}"
EndProject
Project("{FAE04EC0-301F-11D3-BF4B-00C04F79EFBC}") = "Tournament.Services", "..\Tournament.Services\Tournament.Services.csproj", "{CE1D185B-004D-4C4C-B43D-52C6A6E159FB}"
EndProject
Project("{FAE04EC0-301F-11D3-BF4B-00C04F79EFBC}") = "Tournament.Presentation", "..\Tournament.Presentation\Tournament.Presentation.csproj", "{98FC800B-6503-4003-9AB9-1D8C78237DCB}"
EndProject
Global
	GlobalSection(SolutionConfigurationPlatforms) = preSolution
		Debug|Any CPU = Debug|Any CPU
		Release|Any CPU = Release|Any CPU
	EndGlobalSection
	GlobalSection(ProjectConfigurationPlatforms) = postSolution
		{9650ADD3-94A6-4056-BE2F-A1B8DFB78EF4}.Debug|Any CPU.ActiveCfg = Debug|Any CPU
		{9650ADD3-94A6-4056-BE2F-A1B8DFB78EF4}.Debug|Any CPU.Build.0 = Debug|Any CPU
		{9650ADD3-94A6-4056-BE2F-A1B8DFB78EF4}.Release|Any CPU.ActiveCfg = Release|Any CPU
		{9650ADD3-94A6-4056-BE2F-A1B8DFB78EF4}.Release|Any CPU.Build.0 = Release|Any CPU
		{006C9C54-DE52-4DED-B78A-AAC0BCF9149D}.Debug|Any CPU.ActiveCfg = Debug|Any CPU
		{006C9C54-DE52-4DED-B78A-AAC0BCF9149D}.Debug|Any CPU.Build.0 = Debug|Any CPU
		{006C9C54-DE52-4DED-B78A-AAC0BCF9149D}.Release|Any CPU.ActiveCfg = Release|Any CPU
		{006C9C54-DE52-4DED-B78A-AAC0BCF9149D}.Release|Any CPU.Build.0 = Release|Any CPU
		{9ED83C16-EFA2-49CD-B5EB-725C207E5DE9}.Debug|Any CPU.ActiveCfg = Debug|Any CPU
		{9ED83C16-EFA2-49CD-B5EB-725C207E5DE9}.Debug|Any CPU.Build.0 = Debug|Any CPU
		{9ED83C16-EFA2-49CD-B5EB-725C207E5DE9}.Release|Any CPU.ActiveCfg = Release|Any CPU
		{9ED83C16-EFA2-49CD-B5EB-725C207E5DE9}.Release|Any CPU.Build.0 = Release|Any CPU
		{5F886C47-CC8A-40AC-B6EF-5889E9B40EAF}.Debug|Any CPU.ActiveCfg = Debug|Any CPU
		{5F886C47-CC8A-40AC-B6EF-5889E9B40EAF}.Debug|Any CPU.Build.0 = Debug|Any CPU
		{5F886C47-CC8A-40AC-B6EF-5889E9B40EAF}.Release|Any CPU.ActiveCfg = Release|Any CPU
		{5F886C47-CC8A-40AC-B6EF-5889E9B40EAF}.Release|Any CPU.Build.0 = Release|Any CPU
		{CE1D185B-004D-4C4C-B43D-52C6A6E159FB}.Debug|Any CPU.ActiveCfg = Debug|Any CPU
		{CE1D185B-004D-4C4C-B43D-52C6A6E159FB}.Debug|Any CPU.Build.0 = Debug|Any CPU
		{CE1D185B-004D-4C4C-B43D-52C6A6E159FB}.Release|Any CPU.ActiveCfg = Release|Any CPU
		{CE1D185B-004D-4C4C-B43D-52C6A6E159FB}.Release|Any CPU.Build.0 = Release|Any CPU
		{98FC800B-6503-4003-9AB9-1D8C78237DCB}.Debug|Any CPU.ActiveCfg = Debug|Any CPU
		{98FC800B-6503-4003-9AB9-1D8C78237DCB}.Debug|Any CPU.Build.0 = Debug|Any CPU
		{98FC800B-6503-4003-9AB9-1D8C78237DCB}.Release|Any CPU.ActiveCfg = Release|Any CPU
		{98FC800B-6503-4003-9AB9-1D8C78237DCB}.Release|Any CPU.Build.0 = Release|Any CPU
	EndGlobalSection
	GlobalSection(SolutionProperties) = preSolution
		HideSolutionNode = FALSE
	EndGlobalSection
	GlobalSection(ExtensibilityGlobals) = postSolution
		SolutionGuid = {82286990-96E3-43F0-8668-48A1F1500605}
	EndGlobalSection
EndGlobal
